
Microsoft Visual Studio Solution File, Format Version 12.00
# Visual Studio 15
VisualStudioVersion = 15.0.28307.168
MinimumVisualStudioVersion = 10.0.40219.1
Project("{FAE04EC0-301F-11D3-BF4B-00C04F79EFBC}") = "deliverymangementsystem", "deliverymangementsystem\deliverymangementsystem.csproj", "{F53204A2-CC23-484B-A6B1-1E3909B9880E}"
EndProject
Global
	GlobalSection(SolutionConfigurationPlatforms) = preSolution
		Debug|Any CPU = Debug|Any CPU
		Release|Any CPU = Release|Any CPU
	EndGlobalSection
	GlobalSection(ProjectConfigurationPlatforms) = postSolution
		{F53204A2-CC23-484B-A6B1-1E3909B9880E}.Debug|Any CPU.ActiveCfg = Debug|Any CPU
		{F53204A2-CC23-484B-A6B1-1E3909B9880E}.Debug|Any CPU.Build.0 = Debug|Any CPU
		{F53204A2-CC23-484B-A6B1-1E3909B9880E}.Release|Any CPU.ActiveCfg = Release|Any CPU
		{F53204A2-CC23-484B-A6B1-1E3909B9880E}.Release|Any CPU.Build.0 = Release|Any CPU
	EndGlobalSection
	GlobalSection(SolutionProperties) = preSolution
		HideSolutionNode = FALSE
	EndGlobalSection
	GlobalSection(ExtensibilityGlobals) = postSolution
		SolutionGuid = {9B0A6EF4-B700-4434-BA49-AE0B45A012E1}
	EndGlobalSection
EndGlobal
